# This file was autogenerated by Stack.
# You should not edit this file by hand.
# For more information, please see the documentation at:
#   https://docs.haskellstack.org/en/stable/topics/lock_files

packages:
- completed:
    hackage: scotty-0.30@sha256:bcd3436af3ac3959ec1d0b2c4a9ce189b129beebf190aa8c808a69b0f275f228,6137
    pantry-tree:
      sha256: bc30f8c9659b9d62ba621fe0e8a12262c83eb1b9a88115d42f88db46821fdc55
      size: 2385
  original:
    hackage: scotty-0.30
snapshots:
- completed:
    sha256: 655e468f774beee1badf07dc4c45fb50288d5c66ce7bef6f487b7f92891a90b0
    size: 728965
    url: https://raw.githubusercontent.com/commercialhaskell/stackage-snapshots/master/lts/24/37.yaml
  original:
    url: https://raw.githubusercontent.com/commercialhaskell/stackage-snapshots/master/lts/24/37.yaml
